<?xml version="1.0" encoding="utf-8"?>
<Project ToolsVersion="4.0" xmlns="http://schemas.microsoft.com/developer/msbuild/2003">
  <ItemGroup>
    <Filter Include="Source Files">
      <UniqueIdentifier>{4FC737F1-C7A5-4376-A066-2A32D752A2FF}</UniqueIdentifier>
      <Extensions>cpp;c;cc;cxx;def;odl;idl;hpj;bat;asm;asmx</Extensions>
    </Filter>
    <Filter Include="Header Files">
      <UniqueIdentifier>{93995380-89BD-4b04-88EB-625FBE52EBFB}</UniqueIdentifier>
      <Extensions>h;hpp;hxx;hm;inl;inc;xsd</Extensions>
    </Filter>
    <Filter Include="Source Files\Entity">
      <UniqueIdentifier>{1549ea8c-92d9-4010-9958-9aa4f024d27c}</UniqueIdentifier>
    </Filter>
    <Filter Include="Source Files\Formats">
      <UniqueIdentifier>{ad4b942e-7836-4a3c-991a-e282f97549c1}</UniqueIdentifier>
    </Filter>
    <Filter Include="Terrain">
      <UniqueIdentifier>{f8027d26-e4c2-4cc7-91a6-01b2e89f8c57}</UniqueIdentifier>
    </Filter>
    <Filter Include="Tree">
      <UniqueIdentifier>{bd4a1837-62d3-4285-8d26-92fac9660c68}</UniqueIdentifier>
    </Filter>
    <Filter Include="Terrain\HexCellularAutomata">
      <UniqueIdentifier>{05a0d52f-7a63-44a7-bb27-460a0cadc94f}</UniqueIdentifier>
    </Filter>
    <Filter Include="src">
      <UniqueIdentifier>{cd4518e2-a13e-4be0-88fd-127627742f97}</UniqueIdentifier>
    </Filter>
    <Filter Include="inc">
      <UniqueIdentifier>{43f2e62c-1a28-43e7-b44f-632f29d79462}</UniqueIdentifier>
    </Filter>
  </ItemGroup>
  <ItemGroup>
    <ClInclude Include="stdafx.h">
      <Filter>Header Files</Filter>
    </ClInclude>
    <ClInclude Include="targetver.h">
      <Filter>Header Files</Filter>
    </ClInclude>
    <ClInclude Include="EventTypes.h">
      <Filter>Source Files</Filter>
    </ClInclude>
    <ClInclude Include="IEntity.h">
      <Filter>Source Files\Entity</Filter>
    </ClInclude>
    <ClInclude Include="CompressedData.h">
      <Filter>Source Files\Formats</Filter>
    </ClInclude>
    <ClInclude Include="ItemType.h">
      <Filter>Source Files\Formats</Filter>
    </ClInclude>
    <ClInclude Include="Header.h">
      <Filter>Source Files\Formats</Filter>
    </ClInclude>
    <ClInclude Include="Mesh.h">
      <Filter>Source Files\Formats</Filter>
    </ClInclude>
    <ClInclude Include="VertexFormat.h">
      <Filter>Source Files\Formats</Filter>
    </ClInclude>
    <ClInclude Include="inc\PerlinNoise.h">
      <Filter>inc</Filter>
    </ClInclude>
    <ClInclude Include="inc\ProcedrualBinaryTree.h">
      <Filter>inc</Filter>
    </ClInclude>
    <ClInclude Include="inc\HCAErosion.h">
      <Filter>inc</Filter>
    </ClInclude>
    <ClInclude Include="inc\HCAErosionCell.h">
      <Filter>inc</Filter>
    </ClInclude>
  </ItemGroup>
  <ItemGroup>
    <ClCompile Include="stdafx.cpp">
      <Filter>Source Files</Filter>
    </ClCompile>
    <ClCompile Include="Lif.cpp">
      <Filter>Source Files</Filter>
    </ClCompile>
    <ClCompile Include="IEntity.cpp">
      <Filter>Source Files\Entity</Filter>
    </ClCompile>
    <ClCompile Include="HexCA.cpp">
      <Filter>Terrain\HexCellularAutomata</Filter>
    </ClCompile>
    <ClCompile Include="HexCACell.cpp">
      <Filter>Terrain\HexCellularAutomata</Filter>
    </ClCompile>
    <ClCompile Include="HCAErosion.cpp">
      <Filter>Terrain\HexCellularAutomata</Filter>
    </ClCompile>
    <ClCompile Include="HCAErosionCell.cpp">
      <Filter>Terrain\HexCellularAutomata</Filter>
    </ClCompile>
    <ClCompile Include="PerlinNoise.cpp">
      <Filter>Terrain</Filter>
    </ClCompile>
    <ClCompile Include="ProcedrualBinaryTree.cpp">
      <Filter>Tree</Filter>
    </ClCompile>
  </ItemGroup>
  <ItemGroup>
    <None Include="..\README.md" />
  </ItemGroup>
  <ItemGroup>
    <Text Include="..\License.txt" />
  </ItemGroup>
</Project>